# This file is automatically @generated by Cargo.
# It is not intended for manual editing.
version = 4

[[package]]
name = "accessorise"
version = "0.2.0"
source = "registry+https://github.com/rust-lang/crates.io-index"
checksum = "e86cf82339b10210c4212aee2e4f034fb6b9d181d98d07b98eb98f90b2aca91c"

[[package]]
name = "cfg-if"
version = "1.0.4"
source = "registry+https://github.com/rust-lang/crates.io-index"
checksum = "9330f8b2ff13f34540b44e946ef35111825727b38d33286ef986142615121801"

[[package]]
name = "corlib"
version = "0.4.1"
source = "registry+https://github.com/rust-lang/crates.io-index"
checksum = "f22336a81a50e4e1223a25f1bb562cb57b24ee819490197352234a25fdf59eb5"
dependencies = [
 "cfg-if",
 "delegate",
]

[[package]]
name = "delegate"
version = "0.13.5"
source = "registry+https://github.com/rust-lang/crates.io-index"
checksum = "780eb241654bf097afb00fc5f054a09b687dad862e485fdcf8399bb056565370"
dependencies = [
 "proc-macro2",
 "quote",
 "syn",
]

[[package]]
name = "highly_sendable"
version = "0.2.0-beta"
dependencies = [
 "accessorise",
 "corlib",
 "delegate",
 "inc_dec",
 "pastey",
 "serde",
]

[[package]]
name = "inc_dec"
version = "0.1.0"
source = "registry+https://github.com/rust-lang/crates.io-index"
checksum = "1cec1f165fe69f11a3d078397ff15a2a4c281f1bfcade8ec4e40406a6b26ead1"

[[package]]
name = "pastey"
version = "0.2.2"
source = "registry+https://github.com/rust-lang/crates.io-index"
checksum = "c5a797f0e07bdf071d15742978fc3128ec6c22891c31a3a931513263904c982a"

[[package]]
name = "proc-macro2"
version = "1.0.106"
source = "registry+https://github.com/rust-lang/crates.io-index"
checksum = "8fd00f0bb2e90d81d1044c2b32617f68fcb9fa3bb7640c23e9c748e53fb30934"
dependencies = [
 "unicode-ident",
]

[[package]]
name = "quote"
version = "1.0.45"
source = "registry+https://github.com/rust-lang/crates.io-index"
checksum = "41f2619966050689382d2b44f664f4bc593e129785a36d6ee376ddf37259b924"
dependencies = [
 "proc-macro2",
]

[[package]]
name = "serde"
version = "1.0.228"
source = "registry+https://github.com/rust-lang/crates.io-index"
checksum = "9a8e94ea7f378bd32cbbd37198a4a91436180c5bb472411e48b5ec2e2124ae9e"
dependencies = [
 "serde_core",
 "serde_derive",
]

[[package]]
name = "serde_core"
version = "1.0.228"
source = "registry+https://github.com/rust-lang/crates.io-index"
checksum = "41d385c7d4ca58e59fc732af25c3983b67ac852c1a25000afe1175de458b67ad"
dependencies = [
 "serde_derive",
]

[[package]]
name = "serde_derive"
version = "1.0.228"
source = "registry+https://github.com/rust-lang/crates.io-index"
checksum = "d540f220d3187173da220f885ab66608367b6574e925011a9353e4badda91d79"
dependencies = [
 "proc-macro2",
 "quote",
 "syn",
]

[[package]]
name = "syn"
version = "2.0.117"
source = "registry+https://github.com/rust-lang/crates.io-index"
checksum = "e665b8803e7b1d2a727f4023456bbbbe74da67099c585258af0ad9c5013b9b99"
dependencies = [
 "proc-macro2",
 "quote",
 "unicode-ident",
]

[[package]]
name = "unicode-ident"
version = "1.0.24"
source = "registry+https://github.com/rust-lang/crates.io-index"
checksum = "e6e4313cd5fcd3dad5cafa179702e2b244f760991f45397d14d4ebf38247da75"
